
Microsoft Visual Studio Solution File, Format Version 12.00
# Visual Studio 2012
Project("{FAE04EC0-301F-11D3-BF4B-00C04F79EFBC}") = "ConsoleGildedRose", "ConsoleGildedRose\ConsoleGildedRose.csproj", "{8E345FD4-E56E-45D9-9356-B84510244536}"
EndProject
Project("{FAE04EC0-301F-11D3-BF4B-00C04F79EFBC}") = "ConsoleGildedRoseTest", "ConsoleGildedRoseTest\ConsoleGildedRoseTest.csproj", "{C65B4D03-B5B0-42DC-ADDA-8A0595D8360A}"
EndProject
Global
	GlobalSection(SolutionConfigurationPlatforms) = preSolution
		Debug|Any CPU = Debug|Any CPU
		Release|Any CPU = Release|Any CPU
	EndGlobalSection
	GlobalSection(ProjectConfigurationPlatforms) = postSolution
		{8E345FD4-E56E-45D9-9356-B84510244536}.Debug|Any CPU.ActiveCfg = Debug|Any CPU
		{8E345FD4-E56E-45D9-9356-B84510244536}.Debug|Any CPU.Build.0 = Debug|Any CPU
		{8E345FD4-E56E-45D9-9356-B84510244536}.Release|Any CPU.ActiveCfg = Release|Any CPU
		{8E345FD4-E56E-45D9-9356-B84510244536}.Release|Any CPU.Build.0 = Release|Any CPU
		{C65B4D03-B5B0-42DC-ADDA-8A0595D8360A}.Debug|Any CPU.ActiveCfg = Debug|Any CPU
		{C65B4D03-B5B0-42DC-ADDA-8A0595D8360A}.Debug|Any CPU.Build.0 = Debug|Any CPU
		{C65B4D03-B5B0-42DC-ADDA-8A0595D8360A}.Release|Any CPU.ActiveCfg = Release|Any CPU
		{C65B4D03-B5B0-42DC-ADDA-8A0595D8360A}.Release|Any CPU.Build.0 = Release|Any CPU
	EndGlobalSection
	GlobalSection(SolutionProperties) = preSolution
		HideSolutionNode = FALSE
	EndGlobalSection
EndGlobal
